// !$*UTF8*$!
{
	archiveVersion = 1;
	classes = {
	};
	objectVersion = 46;
	objects = {

/* Begin PBXBuildFile section */
		04CBB5681ACE61C6001483EB /* editorViewController.m in Sources */ = {isa = PBXBuildFile; fileRef = 04CBB5661ACE61C6001483EB /* editorViewController.m */; };
		04CBB5691ACE61C6001483EB /* editorViewController.xib in Resources */ = {isa = PBXBuildFile; fileRef = 04CBB5671ACE61C6001483EB /* editorViewController.xib */; };
		04CBB56C1ACE6CE8001483EB /* myGameClass.m in Sources */ = {isa = PBXBuildFile; fileRef = 04CBB56B1ACE6CE8001483EB /* myGameClass.m */; };
		04D212FD1ACCE49200BB96EB /* main.m in Sources */ = {isa = PBXBuildFile; fileRef = 04D212FC1ACCE49200BB96EB /* main.m */; };
		04D213001ACCE49200BB96EB /* AppDelegate.m in Sources */ = {isa = PBXBuildFile; fileRef = 04D212FF1ACCE49200BB96EB /* AppDelegate.m */; };
		04D213031ACCE49200BB96EB /* ViewController.m in Sources */ = {isa = PBXBuildFile; fileRef = 04D213021ACCE49200BB96EB /* ViewController.m */; };
		04D213061ACCE49200BB96EB /* Main.storyboard in Resources */ = {isa = PBXBuildFile; fileRef = 04D213041ACCE49200BB96EB /* Main.storyboard */; };
		04D213081ACCE49200BB96EB /* Images.xcassets in Resources */ = {isa = PBXBuildFile; fileRef = 04D213071ACCE49200BB96EB /* Images.xcassets */; };
		04D2130B1ACCE49200BB96EB /* LaunchScreen.xib in Resources */ = {isa = PBXBuildFile; fileRef = 04D213091ACCE49200BB96EB /* LaunchScreen.xib */; };
		04D213171ACCE49200BB96EB /* lear_2Tests.m in Sources */ = {isa = PBXBuildFile; fileRef = 04D213161ACCE49200BB96EB /* lear_2Tests.m */; };
/* End PBXBuildFile section */

/* Begin PBXContainerItemProxy section */
		04D213111ACCE49200BB96EB /* PBXContainerItemProxy */ = {
			isa = PBXContainerItemProxy;
			containerPortal = 040806041ACBBED4009C46BF /* Project object */;
			proxyType = 1;
			remoteGlobalIDString = 04D212F71ACCE49200BB96EB;
			remoteInfo = "lear-2";
		};
/* End PBXContainerItemProxy section */

/* Begin PBXFileReference section */
		04CBB5651ACE61C6001483EB /* editorViewController.h */ = {isa = PBXFileReference; fileEncoding = 4; lastKnownFileType = sourcecode.c.h; path = editorViewController.h; sourceTree = "<group>"; };
		04CBB5661ACE61C6001483EB /* editorViewController.m */ = {isa = PBXFileReference; fileEncoding = 4; lastKnownFileType = sourcecode.c.objc; path = editorViewController.m; sourceTree = "<group>"; };
		04CBB5671ACE61C6001483EB /* editorViewController.xib */ = {isa = PBXFileReference; fileEncoding = 4; lastKnownFileType = file.xib; path = editorViewController.xib; sourceTree = "<group>"; };
		04CBB56A1ACE6CE8001483EB /* myGameClass.h */ = {isa = PBXFileReference; fileEncoding = 4; lastKnownFileType = sourcecode.c.h; path = myGameClass.h; sourceTree = "<group>"; };
		04CBB56B1ACE6CE8001483EB /* myGameClass.m */ = {isa = PBXFileReference; fileEncoding = 4; lastKnownFileType = sourcecode.c.objc; path = myGameClass.m; sourceTree = "<group>"; };
		04D212F81ACCE49200BB96EB /* lear-2.app */ = {isa = PBXFileReference; explicitFileType = wrapper.application; includeInIndex = 0; path = "lear-2.app"; sourceTree = BUILT_PRODUCTS_DIR; };
		04D212FB1ACCE49200BB96EB /* Info.plist */ = {isa = PBXFileReference; lastKnownFileType = text.plist.xml; path = Info.plist; sourceTree = "<group>"; };
		04D212FC1ACCE49200BB96EB /* main.m */ = {isa = PBXFileReference; lastKnownFileType = sourcecode.c.objc; path = main.m; sourceTree = "<group>"; };
		04D212FE1ACCE49200BB96EB /* AppDelegate.h */ = {isa = PBXFileReference; lastKnownFileType = sourcecode.c.h; path = AppDelegate.h; sourceTree = "<group>"; };
		04D212FF1ACCE49200BB96EB /* AppDelegate.m */ = {isa = PBXFileReference; lastKnownFileType = sourcecode.c.objc; path = AppDelegate.m; sourceTree = "<group>"; };
		04D213011ACCE49200BB96EB /* ViewController.h */ = {isa = PBXFileReference; lastKnownFileType = sourcecode.c.h; path = ViewController.h; sourceTree = "<group>"; };
		04D213021ACCE49200BB96EB /* ViewController.m */ = {isa = PBXFileReference; lastKnownFileType = sourcecode.c.objc; path = ViewController.m; sourceTree = "<group>"; };
		04D213051ACCE49200BB96EB /* Base */ = {isa = PBXFileReference; lastKnownFileType = file.storyboard; name = Base; path = Base.lproj/Main.storyboard; sourceTree = "<group>"; };
		04D213071ACCE49200BB96EB /* Images.xcassets */ = {isa = PBXFileReference; lastKnownFileType = folder.assetcatalog; path = Images.xcassets; sourceTree = "<group>"; };
		04D2130A1ACCE49200BB96EB /* Base */ = {isa = PBXFileReference; lastKnownFileType = file.xib; name = Base; path = Base.lproj/LaunchScreen.xib; sourceTree = "<group>"; };
		04D213101ACCE49200BB96EB /* lear-2Tests.xctest */ = {isa = PBXFileReference; explicitFileType = wrapper.cfbundle; includeInIndex = 0; path = "lear-2Tests.xctest"; sourceTree = BUILT_PRODUCTS_DIR; };
		04D213151ACCE49200BB96EB /* Info.plist */ = {isa = PBXFileReference; lastKnownFileType = text.plist.xml; path = Info.plist; sourceTree = "<group>"; };
		04D213161ACCE49200BB96EB /* lear_2Tests.m */ = {isa = PBXFileReference; lastKnownFileType = sourcecode.c.objc; path = lear_2Tests.m; sourceTree = "<group>"; };
/* End PBXFileReference section */

/* Begin PBXFrameworksBuildPhase section */
		04D212F51ACCE49200BB96EB /* Frameworks */ = {
			isa = PBXFrameworksBuildPhase;
			buildActionMask = 2147483647;
			files = (
			);
			runOnlyForDeploymentPostprocessing = 0;
		};
		04D2130D1ACCE49200BB96EB /* Frameworks */ = {
			isa = PBXFrameworksBuildPhase;
			buildActionMask = 2147483647;
			files = (
			);
			runOnlyForDeploymentPostprocessing = 0;
		};
/* End PBXFrameworksBuildPhase section */

/* Begin PBXGroup section */
		040806031ACBBED4009C46BF = {
			isa = PBXGroup;
			children = (
				04D212F91ACCE49200BB96EB /* lear-2 */,
				04D213131ACCE49200BB96EB /* lear-2Tests */,
				0408060D1ACBBED4009C46BF /* Products */,
			);
			sourceTree = "<group>";
		};
		0408060D1ACBBED4009C46BF /* Products */ = {
			isa = PBXGroup;
			children = (
				04D212F81ACCE49200BB96EB /* lear-2.app */,
				04D213101ACCE49200BB96EB /* lear-2Tests.xctest */,
			);
			name = Products;
			sourceTree = "<group>";
		};
		04D212F91ACCE49200BB96EB /* lear-2 */ = {
			isa = PBXGroup;
			children = (
				04D212FE1ACCE49200BB96EB /* AppDelegate.h */,
				04D212FF1ACCE49200BB96EB /* AppDelegate.m */,
				04D213011ACCE49200BB96EB /* ViewController.h */,
				04D213021ACCE49200BB96EB /* ViewController.m */,
				04CBB5651ACE61C6001483EB /* editorViewController.h */,
				04CBB5661ACE61C6001483EB /* editorViewController.m */,
				04CBB5671ACE61C6001483EB /* editorViewController.xib */,
				04CBB56A1ACE6CE8001483EB /* myGameClass.h */,
				04CBB56B1ACE6CE8001483EB /* myGameClass.m */,
				04D213041ACCE49200BB96EB /* Main.storyboard */,
				04D213071ACCE49200BB96EB /* Images.xcassets */,
				04D213091ACCE49200BB96EB /* LaunchScreen.xib */,
				04D212FA1ACCE49200BB96EB /* Supporting Files */,
			);
			path = "lear-2";
			sourceTree = "<group>";
		};
		04D212FA1ACCE49200BB96EB /* Supporting Files */ = {
			isa = PBXGroup;
			children = (
				04D212FB1ACCE49200BB96EB /* Info.plist */,
				04D212FC1ACCE49200BB96EB /* main.m */,
			);
			name = "Supporting Files";
			sourceTree = "<group>";
		};
		04D213131ACCE49200BB96EB /* lear-2Tests */ = {
			isa = PBXGroup;
			children = (
				04D213161ACCE49200BB96EB /* lear_2Tests.m */,
				04D213141ACCE49200BB96EB /* Supporting Files */,
			);
			path = "lear-2Tests";
			sourceTree = "<group>";
		};
		04D213141ACCE49200BB96EB /* Supporting Files */ = {
			isa = PBXGroup;
			children = (
				04D213151ACCE49200BB96EB /* Info.plist */,
			);
			name = "Supporting Files";
			sourceTree = "<group>";
		};
/* End PBXGroup section */

/* Begin PBXNativeTarget section */
		04D212F71ACCE49200BB96EB /* lear-2 */ = {
			isa = PBXNativeTarget;
			buildConfigurationList = 04D2131C1ACCE49200BB96EB /* Build configuration list for PBXNativeTarget "lear-2" */;
			buildPhases = (
				04D212F41ACCE49200BB96EB /* Sources */,
				04D212F51ACCE49200BB96EB /* Frameworks */,
				04D212F61ACCE49200BB96EB /* Resources */,
			);
			buildRules = (
			);
			dependencies = (
			);
			name = "lear-2";
			productName = "lear-2";
			productReference = 04D212F81ACCE49200BB96EB /* lear-2.app */;
			productType = "com.apple.product-type.application";
		};
		04D2130F1ACCE49200BB96EB /* lear-2Tests */ = {
			isa = PBXNativeTarget;
			buildConfigurationList = 04D2131D1ACCE49300BB96EB /* Build configuration list for PBXNativeTarget "lear-2Tests" */;
			buildPhases = (
				04D2130C1ACCE49200BB96EB /* Sources */,
				04D2130D1ACCE49200BB96EB /* Frameworks */,
				04D2130E1ACCE49200BB96EB /* Resources */,
			);
			buildRules = (
			);
			dependencies = (
				04D213121ACCE49200BB96EB /* PBXTargetDependency */,
			);
			name = "lear-2Tests";
			productName = "lear-2Tests";
			productReference = 04D213101ACCE49200BB96EB /* lear-2Tests.xctest */;
			productType = "com.apple.product-type.bundle.unit-test";
		};
/* End PBXNativeTarget section */

/* Begin PBXProject section */
		040806041ACBBED4009C46BF /* Project object */ = {
			isa = PBXProject;
			attributes = {
				LastUpgradeCheck = 0610;
				ORGANIZATIONNAME = xing;
				TargetAttributes = {
					04D212F71ACCE49200BB96EB = {
						CreatedOnToolsVersion = 6.1.1;
					};
					04D2130F1ACCE49200BB96EB = {
						CreatedOnToolsVersion = 6.1.1;
						TestTargetID = 04D212F71ACCE49200BB96EB;
					};
				};
			};
			buildConfigurationList = 040806071ACBBED4009C46BF /* Build configuration list for PBXProject "learn-test" */;
			compatibilityVersion = "Xcode 3.2";
			developmentRegion = English;
			hasScannedForEncodings = 0;
			knownRegions = (
				en,
				Base,
			);
			mainGroup = 040806031ACBBED4009C46BF;
			productRefGroup = 0408060D1ACBBED4009C46BF /* Products */;
			projectDirPath = "";
			projectRoot = "";
			targets = (
				04D212F71ACCE49200BB96EB /* lear-2 */,
				04D2130F1ACCE49200BB96EB /* lear-2Tests */,
			);
		};
/* End PBXProject section */

/* Begin PBXResourcesBuildPhase section */
		04D212F61ACCE49200BB96EB /* Resources */ = {
			isa = PBXResourcesBuildPhase;
			buildActionMask = 2147483647;
			files = (
				04D213061ACCE49200BB96EB /* Main.storyboard in Resources */,
				04D2130B1ACCE49200BB96EB /* LaunchScreen.xib in Resources */,
				04D213081ACCE49200BB96EB /* Images.xcassets in Resources */,
				04CBB5691ACE61C6001483EB /* editorViewController.xib in Resources */,
			);
			runOnlyForDeploymentPostprocessing = 0;
		};
		04D2130E1ACCE49200BB96EB /* Resources */ = {
			isa = PBXResourcesBuildPhase;
			buildActionMask = 2147483647;
			files = (
			);
			runOnlyForDeploymentPostprocessing = 0;
		};
/* End PBXResourcesBuildPhase section */

/* Begin PBXSourcesBuildPhase section */
		04D212F41ACCE49200BB96EB /* Sources */ = {
			isa = PBXSourcesBuildPhase;
			buildActionMask = 2147483647;
			files = (
				04D213031ACCE49200BB96EB /* ViewController.m in Sources */,
				04D213001ACCE49200BB96EB /* AppDelegate.m in Sources */,
				04CBB56C1ACE6CE8001483EB /* myGameClass.m in Sources */,
				04D212FD1ACCE49200BB96EB /* main.m in Sources */,
				04CBB5681ACE61C6001483EB /* editorViewController.m in Sources */,
			);
			runOnlyForDeploymentPostprocessing = 0;
		};
		04D2130C1ACCE49200BB96EB /* Sources */ = {
			isa = PBXSourcesBuildPhase;
			buildActionMask = 2147483647;
			files = (
				04D213171ACCE49200BB96EB /* lear_2Tests.m in Sources */,
			);
			runOnlyForDeploymentPostprocessing = 0;
		};
/* End PBXSourcesBuildPhase section */

/* Begin PBXTargetDependency section */
		04D213121ACCE49200BB96EB /* PBXTargetDependency */ = {
			isa = PBXTargetDependency;
			target = 04D212F71ACCE49200BB96EB /* lear-2 */;
			targetProxy = 04D213111ACCE49200BB96EB /* PBXContainerItemProxy */;
		};
/* End PBXTargetDependency section */

/* Begin PBXVariantGroup section */
		04D213041ACCE49200BB96EB /* Main.storyboard */ = {
			isa = PBXVariantGroup;
			children = (
				04D213051ACCE49200BB96EB /* Base */,
			);
			name = Main.storyboard;
			sourceTree = "<group>";
		};
		04D213091ACCE49200BB96EB /* LaunchScreen.xib */ = {
			isa = PBXVariantGroup;
			children = (
				04D2130A1ACCE49200BB96EB /* Base */,
			);
			name = LaunchScreen.xib;
			sourceTree = "<group>";
		};
/* End PBXVariantGroup section */

/* Begin XCBuildConfiguration section */
		0408062D1ACBBED4009C46BF /* Debug */ = {
			isa = XCBuildConfiguration;
			buildSettings = {
				ALWAYS_SEARCH_USER_PATHS = NO;
				CLANG_CXX_LANGUAGE_STANDARD = "gnu++0x";
				CLANG_CXX_LIBRARY = "libc++";
				CLANG_ENABLE_MODULES = YES;
				CLANG_ENABLE_OBJC_ARC = YES;
				CLANG_WARN_BOOL_CONVERSION = YES;
				CLANG_WARN_CONSTANT_CONVERSION = YES;
				CLANG_WARN_DIRECT_OBJC_ISA_USAGE = YES_ERROR;
				CLANG_WARN_EMPTY_BODY = YES;
				CLANG_WARN_ENUM_CONVERSION = YES;
				CLANG_WARN_INT_CONVERSION = YES;
				CLANG_WARN_OBJC_ROOT_CLASS = YES_ERROR;
				CLANG_WARN_UNREACHABLE_CODE = YES;
				CLANG_WARN__DUPLICATE_METHOD_MATCH = YES;
				"CODE_SIGN_IDENTITY[sdk=iphoneos*]" = "iPhone Developer";
				COPY_PHASE_STRIP = NO;
				ENABLE_STRICT_OBJC_MSGSEND = YES;
				GCC_C_LANGUAGE_STANDARD = gnu99;
				GCC_DYNAMIC_NO_PIC = NO;
				GCC_OPTIMIZATION_LEVEL = 0;
				GCC_PREPROCESSOR_DEFINITIONS = (
					"DEBUG=1",
					"$(inherited)",
				);
				GCC_SYMBOLS_PRIVATE_EXTERN = NO;
				GCC_WARN_64_TO_32_BIT_CONVERSION = YES;
				GCC_WARN_ABOUT_RETURN_TYPE = YES_ERROR;
				GCC_WARN_UNDECLARED_SELECTOR = YES;
				GCC_WARN_UNINITIALIZED_AUTOS = YES_AGGRESSIVE;
				GCC_WARN_UNUSED_FUNCTION = YES;
				GCC_WARN_UNUSED_VARIABLE = YES;
				IPHONEOS_DEPLOYMENT_TARGET = 8.1;
				MTL_ENABLE_DEBUG_INFO = YES;
				ONLY_ACTIVE_ARCH = YES;
				SDKROOT = iphoneos;
			};
			name = Debug;
		};
		0408062E1ACBBED4009C46BF /* Release */ = {
			isa = XCBuildConfiguration;
			buildSettings = {
				ALWAYS_SEARCH_USER_PATHS = NO;
				CLANG_CXX_LANGUAGE_STANDARD = "gnu++0x";
				CLANG_CXX_LIBRARY = "libc++";
				CLANG_ENABLE_MODULES = YES;
				CLANG_ENABLE_OBJC_ARC = YES;
				CLANG_WARN_BOOL_CONVERSION = YES;
				CLANG_WARN_CONSTANT_CONVERSION = YES;
				CLANG_WARN_DIRECT_OBJC_ISA_USAGE = YES_ERROR;
				CLANG_WARN_EMPTY_BODY = YES;
				CLANG_WARN_ENUM_CONVERSION = YES;
				CLANG_WARN_INT_CONVERSION = YES;
				CLANG_WARN_OBJC_ROOT_CLASS = YES_ERROR;
				CLANG_WARN_UNREACHABLE_CODE = YES;
				CLANG_WARN__DUPLICATE_METHOD_MATCH = YES;
				"CODE_SIGN_IDENTITY[sdk=iphoneos*]" = "iPhone Developer";
				COPY_PHASE_STRIP = YES;
				ENABLE_NS_ASSERTIONS = NO;
				ENABLE_STRICT_OBJC_MSGSEND = YES;
				GCC_C_LANGUAGE_STANDARD = gnu99;
				GCC_WARN_64_TO_32_BIT_CONVERSION = YES;
				GCC_WARN_ABOUT_RETURN_TYPE = YES_ERROR;
				GCC_WARN_UNDECLARED_SELECTOR = YES;
				GCC_WARN_UNINITIALIZED_AUTOS = YES_AGGRESSIVE;
				GCC_WARN_UNUSED_FUNCTION = YES;
				GCC_WARN_UNUSED_VARIABLE = YES;
				IPHONEOS_DEPLOYMENT_TARGET = 8.1;
				MTL_ENABLE_DEBUG_INFO = NO;
				SDKROOT = iphoneos;
				VALIDATE_PRODUCT = YES;
			};
			name = Release;
		};
		04D213181ACCE49200BB96EB /* Debug */ = {
			isa = XCBuildConfiguration;
			buildSettings = {
				ASSETCATALOG_COMPILER_APPICON_NAME = AppIcon;
				GCC_PREPROCESSOR_DEFINITIONS = (
					"DEBUG=1",
					"$(inherited)",
				);
				INFOPLIST_FILE = "lear-2/Info.plist";
				LD_RUNPATH_SEARCH_PATHS = "$(inherited) @executable_path/Frameworks";
				PRODUCT_NAME = "$(TARGET_NAME)";
			};
			name = Debug;
		};
		04D213191ACCE49200BB96EB /* Release */ = {
			isa = XCBuildConfiguration;
			buildSettings = {
				ASSETCATALOG_COMPILER_APPICON_NAME = AppIcon;
				INFOPLIST_FILE = "lear-2/Info.plist";
				LD_RUNPATH_SEARCH_PATHS = "$(inherited) @executable_path/Frameworks";
				PRODUCT_NAME = "$(TARGET_NAME)";
			};
			name = Release;
		};
		04D2131A1ACCE49200BB96EB /* Debug */ = {
			isa = XCBuildConfiguration;
			buildSettings = {
				BUNDLE_LOADER = "$(TEST_HOST)";
				FRAMEWORK_SEARCH_PATHS = (
					"$(SDKROOT)/Developer/Library/Frameworks",
					"$(inherited)",
				);
				GCC_PREPROCESSOR_DEFINITIONS = (
					"DEBUG=1",
					"$(inherited)",
				);
				INFOPLIST_FILE = "lear-2Tests/Info.plist";
				LD_RUNPATH_SEARCH_PATHS = "$(inherited) @executable_path/Frameworks @loader_path/Frameworks";
				PRODUCT_NAME = "$(TARGET_NAME)";
				TEST_HOST = "$(BUILT_PRODUCTS_DIR)/lear-2.app/lear-2";
			};
			name = Debug;
		};
		04D2131B1ACCE49200BB96EB /* Release */ = {
			isa = XCBuildConfiguration;
			buildSettings = {
				BUNDLE_LOADER = "$(TEST_HOST)";
				FRAMEWORK_SEARCH_PATHS = (
					"$(SDKROOT)/Developer/Library/Frameworks",
					"$(inherited)",
				);
				INFOPLIST_FILE = "lear-2Tests/Info.plist";
				LD_RUNPATH_SEARCH_PATHS = "$(inherited) @executable_path/Frameworks @loader_path/Frameworks";
				PRODUCT_NAME = "$(TARGET_NAME)";
				TEST_HOST = "$(BUILT_PRODUCTS_DIR)/lear-2.app/lear-2";
			};
			name = Release;
		};
/* End XCBuildConfiguration section */

/* Begin XCConfigurationList section */
		040806071ACBBED4009C46BF /* Build configuration list for PBXProject "learn-test" */ = {
			isa = XCConfigurationList;
			buildConfigurations = (
				0408062D1ACBBED4009C46BF /* Debug */,
				0408062E1ACBBED4009C46BF /* Release */,
			);
			defaultConfigurationIsVisible = 0;
			defaultConfigurationName = Release;
		};
		04D2131C1ACCE49200BB96EB /* Build configuration list for PBXNativeTarget "lear-2" */ = {
			isa = XCConfigurationList;
			buildConfigurations = (
				04D213181ACCE49200BB96EB /* Debug */,
				04D213191ACCE49200BB96EB /* Release */,
			);
			defaultConfigurationIsVisible = 0;
			defaultConfigurationName = Release;
		};
		04D2131D1ACCE49300BB96EB /* Build configuration list for PBXNativeTarget "lear-2Tests" */ = {
			isa = XCConfigurationList;
			buildConfigurations = (
				04D2131A1ACCE49200BB96EB /* Debug */,
				04D2131B1ACCE49200BB96EB /* Release */,
			);
			defaultConfigurationIsVisible = 0;
			defaultConfigurationName = Release;
		};
/* End XCConfigurationList section */
	};
	rootObject = 040806041ACBBED4009C46BF /* Project object */;
}
